
Microsoft Visual Studio Solution File, Format Version 12.00
# Visual Studio 15
VisualStudioVersion = 15.0.26124.0
MinimumVisualStudioVersion = 15.0.26124.0
Project("{FAE04EC0-301F-11D3-BF4B-00C04F79EFBC}") = "Domain", "Domain\Domain.csproj", "{CD9A4DDA-E3D7-437E-B3ED-B3C9E20AD792}"
EndProject
Project("{FAE04EC0-301F-11D3-BF4B-00C04F79EFBC}") = "Service", "Service\Service.csproj", "{D1EF3A1B-A34D-478F-8BA9-170151A7A5F2}"
EndProject
Project("{FAE04EC0-301F-11D3-BF4B-00C04F79EFBC}") = "TestLib", "TestLib\TestLib.csproj", "{1CBA3BD0-7D96-4DF4-89A9-6374F8054688}"
EndProject
Project("{FAE04EC0-301F-11D3-BF4B-00C04F79EFBC}") = "ApiCore", "ApiCore\ApiCore.csproj", "{FA72EE93-7450-44CD-BA83-F49419E51532}"
EndProject
Global
	GlobalSection(SolutionConfigurationPlatforms) = preSolution
		Debug|Any CPU = Debug|Any CPU
		Debug|x64 = Debug|x64
		Debug|x86 = Debug|x86
		Release|Any CPU = Release|Any CPU
		Release|x64 = Release|x64
		Release|x86 = Release|x86
	EndGlobalSection
	GlobalSection(SolutionProperties) = preSolution
		HideSolutionNode = FALSE
	EndGlobalSection
	GlobalSection(ProjectConfigurationPlatforms) = postSolution
		{CD9A4DDA-E3D7-437E-B3ED-B3C9E20AD792}.Debug|Any CPU.ActiveCfg = Debug|Any CPU
		{CD9A4DDA-E3D7-437E-B3ED-B3C9E20AD792}.Debug|Any CPU.Build.0 = Debug|Any CPU
		{CD9A4DDA-E3D7-437E-B3ED-B3C9E20AD792}.Debug|x64.ActiveCfg = Debug|x64
		{CD9A4DDA-E3D7-437E-B3ED-B3C9E20AD792}.Debug|x64.Build.0 = Debug|x64
		{CD9A4DDA-E3D7-437E-B3ED-B3C9E20AD792}.Debug|x86.ActiveCfg = Debug|x86
		{CD9A4DDA-E3D7-437E-B3ED-B3C9E20AD792}.Debug|x86.Build.0 = Debug|x86
		{CD9A4DDA-E3D7-437E-B3ED-B3C9E20AD792}.Release|Any CPU.ActiveCfg = Release|Any CPU
		{CD9A4DDA-E3D7-437E-B3ED-B3C9E20AD792}.Release|Any CPU.Build.0 = Release|Any CPU
		{CD9A4DDA-E3D7-437E-B3ED-B3C9E20AD792}.Release|x64.ActiveCfg = Release|x64
		{CD9A4DDA-E3D7-437E-B3ED-B3C9E20AD792}.Release|x64.Build.0 = Release|x64
		{CD9A4DDA-E3D7-437E-B3ED-B3C9E20AD792}.Release|x86.ActiveCfg = Release|x86
		{CD9A4DDA-E3D7-437E-B3ED-B3C9E20AD792}.Release|x86.Build.0 = Release|x86
		{D1EF3A1B-A34D-478F-8BA9-170151A7A5F2}.Debug|Any CPU.ActiveCfg = Debug|Any CPU
		{D1EF3A1B-A34D-478F-8BA9-170151A7A5F2}.Debug|Any CPU.Build.0 = Debug|Any CPU
		{D1EF3A1B-A34D-478F-8BA9-170151A7A5F2}.Debug|x64.ActiveCfg = Debug|x64
		{D1EF3A1B-A34D-478F-8BA9-170151A7A5F2}.Debug|x64.Build.0 = Debug|x64
		{D1EF3A1B-A34D-478F-8BA9-170151A7A5F2}.Debug|x86.ActiveCfg = Debug|x86
		{D1EF3A1B-A34D-478F-8BA9-170151A7A5F2}.Debug|x86.Build.0 = Debug|x86
		{D1EF3A1B-A34D-478F-8BA9-170151A7A5F2}.Release|Any CPU.ActiveCfg = Release|Any CPU
		{D1EF3A1B-A34D-478F-8BA9-170151A7A5F2}.Release|Any CPU.Build.0 = Release|Any CPU
		{D1EF3A1B-A34D-478F-8BA9-170151A7A5F2}.Release|x64.ActiveCfg = Release|x64
		{D1EF3A1B-A34D-478F-8BA9-170151A7A5F2}.Release|x64.Build.0 = Release|x64
		{D1EF3A1B-A34D-478F-8BA9-170151A7A5F2}.Release|x86.ActiveCfg = Release|x86
		{D1EF3A1B-A34D-478F-8BA9-170151A7A5F2}.Release|x86.Build.0 = Release|x86
		{1CBA3BD0-7D96-4DF4-89A9-6374F8054688}.Debug|Any CPU.ActiveCfg = Debug|Any CPU
		{1CBA3BD0-7D96-4DF4-89A9-6374F8054688}.Debug|Any CPU.Build.0 = Debug|Any CPU
		{1CBA3BD0-7D96-4DF4-89A9-6374F8054688}.Debug|x64.ActiveCfg = Debug|x64
		{1CBA3BD0-7D96-4DF4-89A9-6374F8054688}.Debug|x64.Build.0 = Debug|x64
		{1CBA3BD0-7D96-4DF4-89A9-6374F8054688}.Debug|x86.ActiveCfg = Debug|x86
		{1CBA3BD0-7D96-4DF4-89A9-6374F8054688}.Debug|x86.Build.0 = Debug|x86
		{1CBA3BD0-7D96-4DF4-89A9-6374F8054688}.Release|Any CPU.ActiveCfg = Release|Any CPU
		{1CBA3BD0-7D96-4DF4-89A9-6374F8054688}.Release|Any CPU.Build.0 = Release|Any CPU
		{1CBA3BD0-7D96-4DF4-89A9-6374F8054688}.Release|x64.ActiveCfg = Release|x64
		{1CBA3BD0-7D96-4DF4-89A9-6374F8054688}.Release|x64.Build.0 = Release|x64
		{1CBA3BD0-7D96-4DF4-89A9-6374F8054688}.Release|x86.ActiveCfg = Release|x86
		{1CBA3BD0-7D96-4DF4-89A9-6374F8054688}.Release|x86.Build.0 = Release|x86
		{FA72EE93-7450-44CD-BA83-F49419E51532}.Debug|Any CPU.ActiveCfg = Debug|Any CPU
		{FA72EE93-7450-44CD-BA83-F49419E51532}.Debug|Any CPU.Build.0 = Debug|Any CPU
		{FA72EE93-7450-44CD-BA83-F49419E51532}.Debug|x64.ActiveCfg = Debug|x64
		{FA72EE93-7450-44CD-BA83-F49419E51532}.Debug|x64.Build.0 = Debug|x64
		{FA72EE93-7450-44CD-BA83-F49419E51532}.Debug|x86.ActiveCfg = Debug|x86
		{FA72EE93-7450-44CD-BA83-F49419E51532}.Debug|x86.Build.0 = Debug|x86
		{FA72EE93-7450-44CD-BA83-F49419E51532}.Release|Any CPU.ActiveCfg = Release|Any CPU
		{FA72EE93-7450-44CD-BA83-F49419E51532}.Release|Any CPU.Build.0 = Release|Any CPU
		{FA72EE93-7450-44CD-BA83-F49419E51532}.Release|x64.ActiveCfg = Release|x64
		{FA72EE93-7450-44CD-BA83-F49419E51532}.Release|x64.Build.0 = Release|x64
		{FA72EE93-7450-44CD-BA83-F49419E51532}.Release|x86.ActiveCfg = Release|x86
		{FA72EE93-7450-44CD-BA83-F49419E51532}.Release|x86.Build.0 = Release|x86
	EndGlobalSection
EndGlobal
